// !$*UTF8*$!
{
	archiveVersion = 1;
	classes = {
	};
	objectVersion = 46;
	objects = {

/* Begin PBXBuildFile section */
		2504F27520FC6C72003CDA92 /* CollectionViewCell.swift in Sources */ = {isa = PBXBuildFile; fileRef = 2504F27420FC6C72003CDA92 /* CollectionViewCell.swift */; };
		25416EC020FCFB58005AFF66 /* iPad.png in Resources */ = {isa = PBXBuildFile; fileRef = 25416EBD20FCFB58005AFF66 /* iPad.png */; };
		25416EC120FCFB58005AFF66 /* iPhone.png in Resources */ = {isa = PBXBuildFile; fileRef = 25416EBE20FCFB58005AFF66 /* iPhone.png */; };
		25416EC220FCFB58005AFF66 /* Macbook.png in Resources */ = {isa = PBXBuildFile; fileRef = 25416EBF20FCFB58005AFF66 /* Macbook.png */; };
		25AD19E420FC596A00B7EEF7 /* AppDelegate.swift in Sources */ = {isa = PBXBuildFile; fileRef = 25AD19E320FC596A00B7EEF7 /* AppDelegate.swift */; };
		25AD19E620FC596A00B7EEF7 /* MainController.swift in Sources */ = {isa = PBXBuildFile; fileRef = 25AD19E520FC596A00B7EEF7 /* MainController.swift */; };
		25AD19E920FC596A00B7EEF7 /* Main.storyboard in Resources */ = {isa = PBXBuildFile; fileRef = 25AD19E720FC596A00B7EEF7 /* Main.storyboard */; };
		25AD19EB20FC596A00B7EEF7 /* Assets.xcassets in Resources */ = {isa = PBXBuildFile; fileRef = 25AD19EA20FC596A00B7EEF7 /* Assets.xcassets */; };
		25AD19EE20FC596A00B7EEF7 /* LaunchScreen.storyboard in Resources */ = {isa = PBXBuildFile; fileRef = 25AD19EC20FC596A00B7EEF7 /* LaunchScreen.storyboard */; };
		25AD19F920FC596A00B7EEF7 /* AppleCollectionTests.swift in Sources */ = {isa = PBXBuildFile; fileRef = 25AD19F820FC596A00B7EEF7 /* AppleCollectionTests.swift */; };
		25AD1A0420FC596A00B7EEF7 /* AppleCollectionUITests.swift in Sources */ = {isa = PBXBuildFile; fileRef = 25AD1A0320FC596A00B7EEF7 /* AppleCollectionUITests.swift */; };
/* End PBXBuildFile section */

/* Begin PBXContainerItemProxy section */
		25AD19F520FC596A00B7EEF7 /* PBXContainerItemProxy */ = {
			isa = PBXContainerItemProxy;
			containerPortal = 25AD19D820FC596A00B7EEF7 /* Project object */;
			proxyType = 1;
			remoteGlobalIDString = 25AD19DF20FC596A00B7EEF7;
			remoteInfo = AppleCollection;
		};
		25AD1A0020FC596A00B7EEF7 /* PBXContainerItemProxy */ = {
			isa = PBXContainerItemProxy;
			containerPortal = 25AD19D820FC596A00B7EEF7 /* Project object */;
			proxyType = 1;
			remoteGlobalIDString = 25AD19DF20FC596A00B7EEF7;
			remoteInfo = AppleCollection;
		};
/* End PBXContainerItemProxy section */

/* Begin PBXFileReference section */
		2504F27420FC6C72003CDA92 /* CollectionViewCell.swift */ = {isa = PBXFileReference; fileEncoding = 4; lastKnownFileType = sourcecode.swift; path = CollectionViewCell.swift; sourceTree = "<group>"; };
		25416EBD20FCFB58005AFF66 /* iPad.png */ = {isa = PBXFileReference; lastKnownFileType = image.png; name = iPad.png; path = images/iPad.png; sourceTree = SOURCE_ROOT; };
		25416EBE20FCFB58005AFF66 /* iPhone.png */ = {isa = PBXFileReference; lastKnownFileType = image.png; name = iPhone.png; path = images/iPhone.png; sourceTree = SOURCE_ROOT; };
		25416EBF20FCFB58005AFF66 /* Macbook.png */ = {isa = PBXFileReference; lastKnownFileType = image.png; name = Macbook.png; path = images/Macbook.png; sourceTree = SOURCE_ROOT; };
		25AD19E020FC596A00B7EEF7 /* AppleCollection.app */ = {isa = PBXFileReference; explicitFileType = wrapper.application; includeInIndex = 0; path = AppleCollection.app; sourceTree = BUILT_PRODUCTS_DIR; };
		25AD19E320FC596A00B7EEF7 /* AppDelegate.swift */ = {isa = PBXFileReference; lastKnownFileType = sourcecode.swift; path = AppDelegate.swift; sourceTree = "<group>"; };
		25AD19E520FC596A00B7EEF7 /* MainController.swift */ = {isa = PBXFileReference; lastKnownFileType = sourcecode.swift; path = MainController.swift; sourceTree = "<group>"; };
		25AD19E820FC596A00B7EEF7 /* Base */ = {isa = PBXFileReference; lastKnownFileType = file.storyboard; name = Base; path = Base.lproj/Main.storyboard; sourceTree = "<group>"; };
		25AD19EA20FC596A00B7EEF7 /* Assets.xcassets */ = {isa = PBXFileReference; lastKnownFileType = folder.assetcatalog; path = Assets.xcassets; sourceTree = "<group>"; };
		25AD19ED20FC596A00B7EEF7 /* Base */ = {isa = PBXFileReference; lastKnownFileType = file.storyboard; name = Base; path = Base.lproj/LaunchScreen.storyboard; sourceTree = "<group>"; };
		25AD19EF20FC596A00B7EEF7 /* Info.plist */ = {isa = PBXFileReference; lastKnownFileType = text.plist.xml; path = Info.plist; sourceTree = "<group>"; };
		25AD19F420FC596A00B7EEF7 /* AppleCollectionTests.xctest */ = {isa = PBXFileReference; explicitFileType = wrapper.cfbundle; includeInIndex = 0; path = AppleCollectionTests.xctest; sourceTree = BUILT_PRODUCTS_DIR; };
		25AD19F820FC596A00B7EEF7 /* AppleCollectionTests.swift */ = {isa = PBXFileReference; lastKnownFileType = sourcecode.swift; path = AppleCollectionTests.swift; sourceTree = "<group>"; };
		25AD19FA20FC596A00B7EEF7 /* Info.plist */ = {isa = PBXFileReference; lastKnownFileType = text.plist.xml; path = Info.plist; sourceTree = "<group>"; };
		25AD19FF20FC596A00B7EEF7 /* AppleCollectionUITests.xctest */ = {isa = PBXFileReference; explicitFileType = wrapper.cfbundle; includeInIndex = 0; path = AppleCollectionUITests.xctest; sourceTree = BUILT_PRODUCTS_DIR; };
		25AD1A0320FC596A00B7EEF7 /* AppleCollectionUITests.swift */ = {isa = PBXFileReference; lastKnownFileType = sourcecode.swift; path = AppleCollectionUITests.swift; sourceTree = "<group>"; };
		25AD1A0520FC596A00B7EEF7 /* Info.plist */ = {isa = PBXFileReference; lastKnownFileType = text.plist.xml; path = Info.plist; sourceTree = "<group>"; };
/* End PBXFileReference section */

/* Begin PBXFrameworksBuildPhase section */
		25AD19DD20FC596A00B7EEF7 /* Frameworks */ = {
			isa = PBXFrameworksBuildPhase;
			buildActionMask = 2147483647;
			files = (
			);
			runOnlyForDeploymentPostprocessing = 0;
		};
		25AD19F120FC596A00B7EEF7 /* Frameworks */ = {
			isa = PBXFrameworksBuildPhase;
			buildActionMask = 2147483647;
			files = (
			);
			runOnlyForDeploymentPostprocessing = 0;
		};
		25AD19FC20FC596A00B7EEF7 /* Frameworks */ = {
			isa = PBXFrameworksBuildPhase;
			buildActionMask = 2147483647;
			files = (
			);
			runOnlyForDeploymentPostprocessing = 0;
		};
/* End PBXFrameworksBuildPhase section */

/* Begin PBXGroup section */
		25416EBC20FCFB3B005AFF66 /* images */ = {
			isa = PBXGroup;
			children = (
				25416EBD20FCFB58005AFF66 /* iPad.png */,
				25416EBE20FCFB58005AFF66 /* iPhone.png */,
				25416EBF20FCFB58005AFF66 /* Macbook.png */,
			);
			name = images;
			sourceTree = "<group>";
		};
		25AD19D720FC596A00B7EEF7 = {
			isa = PBXGroup;
			children = (
				25AD19E220FC596A00B7EEF7 /* AppleCollection */,
				25AD19F720FC596A00B7EEF7 /* AppleCollectionTests */,
				25AD1A0220FC596A00B7EEF7 /* AppleCollectionUITests */,
				25AD19E120FC596A00B7EEF7 /* Products */,
			);
			sourceTree = "<group>";
		};
		25AD19E120FC596A00B7EEF7 /* Products */ = {
			isa = PBXGroup;
			children = (
				25AD19E020FC596A00B7EEF7 /* AppleCollection.app */,
				25AD19F420FC596A00B7EEF7 /* AppleCollectionTests.xctest */,
				25AD19FF20FC596A00B7EEF7 /* AppleCollectionUITests.xctest */,
			);
			name = Products;
			sourceTree = "<group>";
		};
		25AD19E220FC596A00B7EEF7 /* AppleCollection */ = {
			isa = PBXGroup;
			children = (
				25416EBC20FCFB3B005AFF66 /* images */,
				25AD19E320FC596A00B7EEF7 /* AppDelegate.swift */,
				25AD19E520FC596A00B7EEF7 /* MainController.swift */,
				25AD19E720FC596A00B7EEF7 /* Main.storyboard */,
				25AD19EA20FC596A00B7EEF7 /* Assets.xcassets */,
				25AD19EC20FC596A00B7EEF7 /* LaunchScreen.storyboard */,
				25AD19EF20FC596A00B7EEF7 /* Info.plist */,
				2504F27420FC6C72003CDA92 /* CollectionViewCell.swift */,
			);
			path = AppleCollection;
			sourceTree = "<group>";
		};
		25AD19F720FC596A00B7EEF7 /* AppleCollectionTests */ = {
			isa = PBXGroup;
			children = (
				25AD19F820FC596A00B7EEF7 /* AppleCollectionTests.swift */,
				25AD19FA20FC596A00B7EEF7 /* Info.plist */,
			);
			path = AppleCollectionTests;
			sourceTree = "<group>";
		};
		25AD1A0220FC596A00B7EEF7 /* AppleCollectionUITests */ = {
			isa = PBXGroup;
			children = (
				25AD1A0320FC596A00B7EEF7 /* AppleCollectionUITests.swift */,
				25AD1A0520FC596A00B7EEF7 /* Info.plist */,
			);
			path = AppleCollectionUITests;
			sourceTree = "<group>";
		};
/* End PBXGroup section */

/* Begin PBXNativeTarget section */
		25AD19DF20FC596A00B7EEF7 /* AppleCollection */ = {
			isa = PBXNativeTarget;
			buildConfigurationList = 25AD1A0820FC596A00B7EEF7 /* Build configuration list for PBXNativeTarget "AppleCollection" */;
			buildPhases = (
				25AD19DC20FC596A00B7EEF7 /* Sources */,
				25AD19DD20FC596A00B7EEF7 /* Frameworks */,
				25AD19DE20FC596A00B7EEF7 /* Resources */,
			);
			buildRules = (
			);
			dependencies = (
			);
			name = AppleCollection;
			productName = AppleCollection;
			productReference = 25AD19E020FC596A00B7EEF7 /* AppleCollection.app */;
			productType = "com.apple.product-type.application";
		};
		25AD19F320FC596A00B7EEF7 /* AppleCollectionTests */ = {
			isa = PBXNativeTarget;
			buildConfigurationList = 25AD1A0B20FC596A00B7EEF7 /* Build configuration list for PBXNativeTarget "AppleCollectionTests" */;
			buildPhases = (
				25AD19F020FC596A00B7EEF7 /* Sources */,
				25AD19F120FC596A00B7EEF7 /* Frameworks */,
				25AD19F220FC596A00B7EEF7 /* Resources */,
			);
			buildRules = (
			);
			dependencies = (
				25AD19F620FC596A00B7EEF7 /* PBXTargetDependency */,
			);
			name = AppleCollectionTests;
			productName = AppleCollectionTests;
			productReference = 25AD19F420FC596A00B7EEF7 /* AppleCollectionTests.xctest */;
			productType = "com.apple.product-type.bundle.unit-test";
		};
		25AD19FE20FC596A00B7EEF7 /* AppleCollectionUITests */ = {
			isa = PBXNativeTarget;
			buildConfigurationList = 25AD1A0E20FC596A00B7EEF7 /* Build configuration list for PBXNativeTarget "AppleCollectionUITests" */;
			buildPhases = (
				25AD19FB20FC596A00B7EEF7 /* Sources */,
				25AD19FC20FC596A00B7EEF7 /* Frameworks */,
				25AD19FD20FC596A00B7EEF7 /* Resources */,
			);
			buildRules = (
			);
			dependencies = (
				25AD1A0120FC596A00B7EEF7 /* PBXTargetDependency */,
			);
			name = AppleCollectionUITests;
			productName = AppleCollectionUITests;
			productReference = 25AD19FF20FC596A00B7EEF7 /* AppleCollectionUITests.xctest */;
			productType = "com.apple.product-type.bundle.ui-testing";
		};
/* End PBXNativeTarget section */

/* Begin PBXProject section */
		25AD19D820FC596A00B7EEF7 /* Project object */ = {
			isa = PBXProject;
			attributes = {
				LastSwiftUpdateCheck = 0830;
				LastUpgradeCheck = 0830;
				ORGANIZATIONNAME = "Minh Mon";
				TargetAttributes = {
					25AD19DF20FC596A00B7EEF7 = {
						CreatedOnToolsVersion = 8.3.3;
						ProvisioningStyle = Automatic;
					};
					25AD19F320FC596A00B7EEF7 = {
						CreatedOnToolsVersion = 8.3.3;
						ProvisioningStyle = Automatic;
						TestTargetID = 25AD19DF20FC596A00B7EEF7;
					};
					25AD19FE20FC596A00B7EEF7 = {
						CreatedOnToolsVersion = 8.3.3;
						ProvisioningStyle = Automatic;
						TestTargetID = 25AD19DF20FC596A00B7EEF7;
					};
				};
			};
			buildConfigurationList = 25AD19DB20FC596A00B7EEF7 /* Build configuration list for PBXProject "AppleCollection" */;
			compatibilityVersion = "Xcode 3.2";
			developmentRegion = English;
			hasScannedForEncodings = 0;
			knownRegions = (
				en,
				Base,
			);
			mainGroup = 25AD19D720FC596A00B7EEF7;
			productRefGroup = 25AD19E120FC596A00B7EEF7 /* Products */;
			projectDirPath = "";
			projectRoot = "";
			targets = (
				25AD19DF20FC596A00B7EEF7 /* AppleCollection */,
				25AD19F320FC596A00B7EEF7 /* AppleCollectionTests */,
				25AD19FE20FC596A00B7EEF7 /* AppleCollectionUITests */,
			);
		};
/* End PBXProject section */

/* Begin PBXResourcesBuildPhase section */
		25AD19DE20FC596A00B7EEF7 /* Resources */ = {
			isa = PBXResourcesBuildPhase;
			buildActionMask = 2147483647;
			files = (
				25416EC220FCFB58005AFF66 /* Macbook.png in Resources */,
				25416EC120FCFB58005AFF66 /* iPhone.png in Resources */,
				25AD19EE20FC596A00B7EEF7 /* LaunchScreen.storyboard in Resources */,
				25416EC020FCFB58005AFF66 /* iPad.png in Resources */,
				25AD19EB20FC596A00B7EEF7 /* Assets.xcassets in Resources */,
				25AD19E920FC596A00B7EEF7 /* Main.storyboard in Resources */,
			);
			runOnlyForDeploymentPostprocessing = 0;
		};
		25AD19F220FC596A00B7EEF7 /* Resources */ = {
			isa = PBXResourcesBuildPhase;
			buildActionMask = 2147483647;
			files = (
			);
			runOnlyForDeploymentPostprocessing = 0;
		};
		25AD19FD20FC596A00B7EEF7 /* Resources */ = {
			isa = PBXResourcesBuildPhase;
			buildActionMask = 2147483647;
			files = (
			);
			runOnlyForDeploymentPostprocessing = 0;
		};
/* End PBXResourcesBuildPhase section */

/* Begin PBXSourcesBuildPhase section */
		25AD19DC20FC596A00B7EEF7 /* Sources */ = {
			isa = PBXSourcesBuildPhase;
			buildActionMask = 2147483647;
			files = (
				25AD19E620FC596A00B7EEF7 /* MainController.swift in Sources */,
				25AD19E420FC596A00B7EEF7 /* AppDelegate.swift in Sources */,
				2504F27520FC6C72003CDA92 /* CollectionViewCell.swift in Sources */,
			);
			runOnlyForDeploymentPostprocessing = 0;
		};
		25AD19F020FC596A00B7EEF7 /* Sources */ = {
			isa = PBXSourcesBuildPhase;
			buildActionMask = 2147483647;
			files = (
				25AD19F920FC596A00B7EEF7 /* AppleCollectionTests.swift in Sources */,
			);
			runOnlyForDeploymentPostprocessing = 0;
		};
		25AD19FB20FC596A00B7EEF7 /* Sources */ = {
			isa = PBXSourcesBuildPhase;
			buildActionMask = 2147483647;
			files = (
				25AD1A0420FC596A00B7EEF7 /* AppleCollectionUITests.swift in Sources */,
			);
			runOnlyForDeploymentPostprocessing = 0;
		};
/* End PBXSourcesBuildPhase section */

/* Begin PBXTargetDependency section */
		25AD19F620FC596A00B7EEF7 /* PBXTargetDependency */ = {
			isa = PBXTargetDependency;
			target = 25AD19DF20FC596A00B7EEF7 /* AppleCollection */;
			targetProxy = 25AD19F520FC596A00B7EEF7 /* PBXContainerItemProxy */;
		};
		25AD1A0120FC596A00B7EEF7 /* PBXTargetDependency */ = {
			isa = PBXTargetDependency;
			target = 25AD19DF20FC596A00B7EEF7 /* AppleCollection */;
			targetProxy = 25AD1A0020FC596A00B7EEF7 /* PBXContainerItemProxy */;
		};
/* End PBXTargetDependency section */

/* Begin PBXVariantGroup section */
		25AD19E720FC596A00B7EEF7 /* Main.storyboard */ = {
			isa = PBXVariantGroup;
			children = (
				25AD19E820FC596A00B7EEF7 /* Base */,
			);
			name = Main.storyboard;
			sourceTree = "<group>";
		};
		25AD19EC20FC596A00B7EEF7 /* LaunchScreen.storyboard */ = {
			isa = PBXVariantGroup;
			children = (
				25AD19ED20FC596A00B7EEF7 /* Base */,
			);
			name = LaunchScreen.storyboard;
			sourceTree = "<group>";
		};
/* End PBXVariantGroup section */

/* Begin XCBuildConfiguration section */
		25AD1A0620FC596A00B7EEF7 /* Debug */ = {
			isa = XCBuildConfiguration;
			buildSettings = {
				ALWAYS_SEARCH_USER_PATHS = NO;
				CLANG_ANALYZER_NONNULL = YES;
				CLANG_ANALYZER_NUMBER_OBJECT_CONVERSION = YES_AGGRESSIVE;
				CLANG_CXX_LANGUAGE_STANDARD = "gnu++0x";
				CLANG_CXX_LIBRARY = "libc++";
				CLANG_ENABLE_MODULES = YES;
				CLANG_ENABLE_OBJC_ARC = YES;
				CLANG_WARN_BOOL_CONVERSION = YES;
				CLANG_WARN_CONSTANT_CONVERSION = YES;
				CLANG_WARN_DIRECT_OBJC_ISA_USAGE = YES_ERROR;
				CLANG_WARN_DOCUMENTATION_COMMENTS = YES;
				CLANG_WARN_EMPTY_BODY = YES;
				CLANG_WARN_ENUM_CONVERSION = YES;
				CLANG_WARN_INFINITE_RECURSION = YES;
				CLANG_WARN_INT_CONVERSION = YES;
				CLANG_WARN_OBJC_ROOT_CLASS = YES_ERROR;
				CLANG_WARN_SUSPICIOUS_MOVE = YES;
				CLANG_WARN_UNREACHABLE_CODE = YES;
				CLANG_WARN__DUPLICATE_METHOD_MATCH = YES;
				"CODE_SIGN_IDENTITY[sdk=iphoneos*]" = "iPhone Developer";
				COPY_PHASE_STRIP = NO;
				DEBUG_INFORMATION_FORMAT = dwarf;
				ENABLE_STRICT_OBJC_MSGSEND = YES;
				ENABLE_TESTABILITY = YES;
				GCC_C_LANGUAGE_STANDARD = gnu99;
				GCC_DYNAMIC_NO_PIC = NO;
				GCC_NO_COMMON_BLOCKS = YES;
				GCC_OPTIMIZATION_LEVEL = 0;
				GCC_PREPROCESSOR_DEFINITIONS = (
					"DEBUG=1",
					"$(inherited)",
				);
				GCC_WARN_64_TO_32_BIT_CONVERSION = YES;
				GCC_WARN_ABOUT_RETURN_TYPE = YES_ERROR;
				GCC_WARN_UNDECLARED_SELECTOR = YES;
				GCC_WARN_UNINITIALIZED_AUTOS = YES_AGGRESSIVE;
				GCC_WARN_UNUSED_FUNCTION = YES;
				GCC_WARN_UNUSED_VARIABLE = YES;
				IPHONEOS_DEPLOYMENT_TARGET = 10.3;
				MTL_ENABLE_DEBUG_INFO = YES;
				ONLY_ACTIVE_ARCH = YES;
				SDKROOT = iphoneos;
				SWIFT_ACTIVE_COMPILATION_CONDITIONS = DEBUG;
				SWIFT_OPTIMIZATION_LEVEL = "-Onone";
				TARGETED_DEVICE_FAMILY = "1,2";
			};
			name = Debug;
		};
		25AD1A0720FC596A00B7EEF7 /* Release */ = {
			isa = XCBuildConfiguration;
			buildSettings = {
				ALWAYS_SEARCH_USER_PATHS = NO;
				CLANG_ANALYZER_NONNULL = YES;
				CLANG_ANALYZER_NUMBER_OBJECT_CONVERSION = YES_AGGRESSIVE;
				CLANG_CXX_LANGUAGE_STANDARD = "gnu++0x";
				CLANG_CXX_LIBRARY = "libc++";
				CLANG_ENABLE_MODULES = YES;
				CLANG_ENABLE_OBJC_ARC = YES;
				CLANG_WARN_BOOL_CONVERSION = YES;
				CLANG_WARN_CONSTANT_CONVERSION = YES;
				CLANG_WARN_DIRECT_OBJC_ISA_USAGE = YES_ERROR;
				CLANG_WARN_DOCUMENTATION_COMMENTS = YES;
				CLANG_WARN_EMPTY_BODY = YES;
				CLANG_WARN_ENUM_CONVERSION = YES;
				CLANG_WARN_INFINITE_RECURSION = YES;
				CLANG_WARN_INT_CONVERSION = YES;
				CLANG_WARN_OBJC_ROOT_CLASS = YES_ERROR;
				CLANG_WARN_SUSPICIOUS_MOVE = YES;
				CLANG_WARN_UNREACHABLE_CODE = YES;
				CLANG_WARN__DUPLICATE_METHOD_MATCH = YES;
				"CODE_SIGN_IDENTITY[sdk=iphoneos*]" = "iPhone Developer";
				COPY_PHASE_STRIP = NO;
				DEBUG_INFORMATION_FORMAT = "dwarf-with-dsym";
				ENABLE_NS_ASSERTIONS = NO;
				ENABLE_STRICT_OBJC_MSGSEND = YES;
				GCC_C_LANGUAGE_STANDARD = gnu99;
				GCC_NO_COMMON_BLOCKS = YES;
				GCC_WARN_64_TO_32_BIT_CONVERSION = YES;
				GCC_WARN_ABOUT_RETURN_TYPE = YES_ERROR;
				GCC_WARN_UNDECLARED_SELECTOR = YES;
				GCC_WARN_UNINITIALIZED_AUTOS = YES_AGGRESSIVE;
				GCC_WARN_UNUSED_FUNCTION = YES;
				GCC_WARN_UNUSED_VARIABLE = YES;
				IPHONEOS_DEPLOYMENT_TARGET = 10.3;
				MTL_ENABLE_DEBUG_INFO = NO;
				SDKROOT = iphoneos;
				SWIFT_OPTIMIZATION_LEVEL = "-Owholemodule";
				TARGETED_DEVICE_FAMILY = "1,2";
				VALIDATE_PRODUCT = YES;
			};
			name = Release;
		};
		25AD1A0920FC596A00B7EEF7 /* Debug */ = {
			isa = XCBuildConfiguration;
			buildSettings = {
				ASSETCATALOG_COMPILER_APPICON_NAME = AppIcon;
				INFOPLIST_FILE = AppleCollection/Info.plist;
				IPHONEOS_DEPLOYMENT_TARGET = 9.3;
				LD_RUNPATH_SEARCH_PATHS = "$(inherited) @executable_path/Frameworks";
				PRODUCT_BUNDLE_IDENTIFIER = Minhmon.AppleCollection;
				PRODUCT_NAME = "$(TARGET_NAME)";
				SWIFT_VERSION = 3.0;
			};
			name = Debug;
		};
		25AD1A0A20FC596A00B7EEF7 /* Release */ = {
			isa = XCBuildConfiguration;
			buildSettings = {
				ASSETCATALOG_COMPILER_APPICON_NAME = AppIcon;
				INFOPLIST_FILE = AppleCollection/Info.plist;
				IPHONEOS_DEPLOYMENT_TARGET = 9.3;
				LD_RUNPATH_SEARCH_PATHS = "$(inherited) @executable_path/Frameworks";
				PRODUCT_BUNDLE_IDENTIFIER = Minhmon.AppleCollection;
				PRODUCT_NAME = "$(TARGET_NAME)";
				SWIFT_VERSION = 3.0;
			};
			name = Release;
		};
		25AD1A0C20FC596A00B7EEF7 /* Debug */ = {
			isa = XCBuildConfiguration;
			buildSettings = {
				ALWAYS_EMBED_SWIFT_STANDARD_LIBRARIES = YES;
				BUNDLE_LOADER = "$(TEST_HOST)";
				INFOPLIST_FILE = AppleCollectionTests/Info.plist;
				LD_RUNPATH_SEARCH_PATHS = "$(inherited) @executable_path/Frameworks @loader_path/Frameworks";
				PRODUCT_BUNDLE_IDENTIFIER = Minhmon.AppleCollectionTests;
				PRODUCT_NAME = "$(TARGET_NAME)";
				SWIFT_VERSION = 3.0;
				TEST_HOST = "$(BUILT_PRODUCTS_DIR)/AppleCollection.app/AppleCollection";
			};
			name = Debug;
		};
		25AD1A0D20FC596A00B7EEF7 /* Release */ = {
			isa = XCBuildConfiguration;
			buildSettings = {
				ALWAYS_EMBED_SWIFT_STANDARD_LIBRARIES = YES;
				BUNDLE_LOADER = "$(TEST_HOST)";
				INFOPLIST_FILE = AppleCollectionTests/Info.plist;
				LD_RUNPATH_SEARCH_PATHS = "$(inherited) @executable_path/Frameworks @loader_path/Frameworks";
				PRODUCT_BUNDLE_IDENTIFIER = Minhmon.AppleCollectionTests;
				PRODUCT_NAME = "$(TARGET_NAME)";
				SWIFT_VERSION = 3.0;
				TEST_HOST = "$(BUILT_PRODUCTS_DIR)/AppleCollection.app/AppleCollection";
			};
			name = Release;
		};
		25AD1A0F20FC596A00B7EEF7 /* Debug */ = {
			isa = XCBuildConfiguration;
			buildSettings = {
				ALWAYS_EMBED_SWIFT_STANDARD_LIBRARIES = YES;
				INFOPLIST_FILE = AppleCollectionUITests/Info.plist;
				LD_RUNPATH_SEARCH_PATHS = "$(inherited) @executable_path/Frameworks @loader_path/Frameworks";
				PRODUCT_BUNDLE_IDENTIFIER = Minhmon.AppleCollectionUITests;
				PRODUCT_NAME = "$(TARGET_NAME)";
				SWIFT_VERSION = 3.0;
				TEST_TARGET_NAME = AppleCollection;
			};
			name = Debug;
		};
		25AD1A1020FC596A00B7EEF7 /* Release */ = {
			isa = XCBuildConfiguration;
			buildSettings = {
				ALWAYS_EMBED_SWIFT_STANDARD_LIBRARIES = YES;
				INFOPLIST_FILE = AppleCollectionUITests/Info.plist;
				LD_RUNPATH_SEARCH_PATHS = "$(inherited) @executable_path/Frameworks @loader_path/Frameworks";
				PRODUCT_BUNDLE_IDENTIFIER = Minhmon.AppleCollectionUITests;
				PRODUCT_NAME = "$(TARGET_NAME)";
				SWIFT_VERSION = 3.0;
				TEST_TARGET_NAME = AppleCollection;
			};
			name = Release;
		};
/* End XCBuildConfiguration section */

/* Begin XCConfigurationList section */
		25AD19DB20FC596A00B7EEF7 /* Build configuration list for PBXProject "AppleCollection" */ = {
			isa = XCConfigurationList;
			buildConfigurations = (
				25AD1A0620FC596A00B7EEF7 /* Debug */,
				25AD1A0720FC596A00B7EEF7 /* Release */,
			);
			defaultConfigurationIsVisible = 0;
			defaultConfigurationName = Release;
		};
		25AD1A0820FC596A00B7EEF7 /* Build configuration list for PBXNativeTarget "AppleCollection" */ = {
			isa = XCConfigurationList;
			buildConfigurations = (
				25AD1A0920FC596A00B7EEF7 /* Debug */,
				25AD1A0A20FC596A00B7EEF7 /* Release */,
			);
			defaultConfigurationIsVisible = 0;
			defaultConfigurationName = Release;
		};
		25AD1A0B20FC596A00B7EEF7 /* Build configuration list for PBXNativeTarget "AppleCollectionTests" */ = {
			isa = XCConfigurationList;
			buildConfigurations = (
				25AD1A0C20FC596A00B7EEF7 /* Debug */,
				25AD1A0D20FC596A00B7EEF7 /* Release */,
			);
			defaultConfigurationIsVisible = 0;
			defaultConfigurationName = Release;
		};
		25AD1A0E20FC596A00B7EEF7 /* Build configuration list for PBXNativeTarget "AppleCollectionUITests" */ = {
			isa = XCConfigurationList;
			buildConfigurations = (
				25AD1A0F20FC596A00B7EEF7 /* Debug */,
				25AD1A1020FC596A00B7EEF7 /* Release */,
			);
			defaultConfigurationIsVisible = 0;
			defaultConfigurationName = Release;
		};
/* End XCConfigurationList section */
	};
	rootObject = 25AD19D820FC596A00B7EEF7 /* Project object */;
}
